
Microsoft Visual Studio Solution File, Format Version 12.00
Project("{2150E333-8FDC-42A3-9474-1A3956D46DE8}") = "api", "api", "{D82C56D6-B2CD-F611-9E31-04638F7EC30E}"
EndProject
Project("{2150E333-8FDC-42A3-9474-1A3956D46DE8}") = "1-Api", "1-Api", "{91537A30-98F9-0B72-6947-B89234B866CC}"
EndProject
Project("{FAE04EC0-301F-11D3-BF4B-00C04F79EFBC}") = "BalancerAPI.Api", "api\1-Api\BalancerAPI.Api\BalancerAPI.Api.csproj", "{DD9E3ED4-9930-4D77-A9BE-90E8733D068C}"
EndProject
Project("{2150E333-8FDC-42A3-9474-1A3956D46DE8}") = "2-Domain", "2-Domain", "{15DDAB23-109C-1923-3182-DF27599D90AB}"
EndProject
Project("{FAE04EC0-301F-11D3-BF4B-00C04F79EFBC}") = "BalancerAPI.Business", "api\2-Domain\BalancerAPI.Business\BalancerAPI.Business.csproj", "{0BBA90B1-01FB-44F9-B079-DAE7BB432096}"
EndProject
Project("{2150E333-8FDC-42A3-9474-1A3956D46DE8}") = "3-DataAccess", "3-DataAccess", "{144EC233-92EE-CC01-E403-ED03ECBD09E0}"
EndProject
Project("{FAE04EC0-301F-11D3-BF4B-00C04F79EFBC}") = "BalancerAPI.Data", "api\3-DataAccess\BalancerAPI.Data\BalancerAPI.Data.csproj", "{A8A175F2-1178-4C38-BB4B-71F9017A4B14}"
EndProject
Project("{FAE04EC0-301F-11D3-BF4B-00C04F79EFBC}") = "BalancerAPI.Domain", "api\2-Domain\BalancerAPI.Domain\BalancerAPI.Domain.csproj", "{02519E82-DD9E-423C-A40E-6F629F1A857A}"
EndProject
Project("{2150E333-8FDC-42A3-9474-1A3956D46DE8}") = "4-Infrastructure", "4-Infrastructure", "{823AF003-9106-4874-6A7E-168A19854B2B}"
EndProject
Project("{FAE04EC0-301F-11D3-BF4B-00C04F79EFBC}") = "BalancerAPI.Common", "api\4-Infrastructure\BalancerAPI.Common\BalancerAPI.Common.csproj", "{644E14D1-E7E2-438B-AA09-696D712C8B7D}"
EndProject
Project("{2150E333-8FDC-42A3-9474-1A3956D46DE8}") = "0-Tests", "0-Tests", "{2E13E456-43F3-7BFC-5E47-CDD0DC18392F}"
EndProject
Project("{FAE04EC0-301F-11D3-BF4B-00C04F79EFBC}") = "BalancerAPI.Tests", "api\0-Tests\BalancerAPI.Tests\BalancerAPI.Tests.csproj", "{DB06A59E-FE5A-4907-B536-27D34F8E77CB}"
EndProject
Global
	GlobalSection(SolutionConfigurationPlatforms) = preSolution
		Debug|Any CPU = Debug|Any CPU
		Debug|x64 = Debug|x64
		Debug|x86 = Debug|x86
		Release|Any CPU = Release|Any CPU
		Release|x64 = Release|x64
		Release|x86 = Release|x86
	EndGlobalSection
	GlobalSection(ProjectConfigurationPlatforms) = postSolution
		{DD9E3ED4-9930-4D77-A9BE-90E8733D068C}.Debug|Any CPU.ActiveCfg = Debug|Any CPU
		{DD9E3ED4-9930-4D77-A9BE-90E8733D068C}.Debug|Any CPU.Build.0 = Debug|Any CPU
		{DD9E3ED4-9930-4D77-A9BE-90E8733D068C}.Debug|x64.ActiveCfg = Debug|Any CPU
		{DD9E3ED4-9930-4D77-A9BE-90E8733D068C}.Debug|x64.Build.0 = Debug|Any CPU
		{DD9E3ED4-9930-4D77-A9BE-90E8733D068C}.Debug|x86.ActiveCfg = Debug|Any CPU
		{DD9E3ED4-9930-4D77-A9BE-90E8733D068C}.Debug|x86.Build.0 = Debug|Any CPU
		{DD9E3ED4-9930-4D77-A9BE-90E8733D068C}.Release|Any CPU.ActiveCfg = Release|Any CPU
		{DD9E3ED4-9930-4D77-A9BE-90E8733D068C}.Release|Any CPU.Build.0 = Release|Any CPU
		{DD9E3ED4-9930-4D77-A9BE-90E8733D068C}.Release|x64.ActiveCfg = Release|Any CPU
		{DD9E3ED4-9930-4D77-A9BE-90E8733D068C}.Release|x64.Build.0 = Release|Any CPU
		{DD9E3ED4-9930-4D77-A9BE-90E8733D068C}.Release|x86.ActiveCfg = Release|Any CPU
		{DD9E3ED4-9930-4D77-A9BE-90E8733D068C}.Release|x86.Build.0 = Release|Any CPU
		{0BBA90B1-01FB-44F9-B079-DAE7BB432096}.Debug|Any CPU.ActiveCfg = Debug|Any CPU
		{0BBA90B1-01FB-44F9-B079-DAE7BB432096}.Debug|Any CPU.Build.0 = Debug|Any CPU
		{0BBA90B1-01FB-44F9-B079-DAE7BB432096}.Debug|x64.ActiveCfg = Debug|Any CPU
		{0BBA90B1-01FB-44F9-B079-DAE7BB432096}.Debug|x64.Build.0 = Debug|Any CPU
		{0BBA90B1-01FB-44F9-B079-DAE7BB432096}.Debug|x86.ActiveCfg = Debug|Any CPU
		{0BBA90B1-01FB-44F9-B079-DAE7BB432096}.Debug|x86.Build.0 = Debug|Any CPU
		{0BBA90B1-01FB-44F9-B079-DAE7BB432096}.Release|Any CPU.ActiveCfg = Release|Any CPU
		{0BBA90B1-01FB-44F9-B079-DAE7BB432096}.Release|Any CPU.Build.0 = Release|Any CPU
		{0BBA90B1-01FB-44F9-B079-DAE7BB432096}.Release|x64.ActiveCfg = Release|Any CPU
		{0BBA90B1-01FB-44F9-B079-DAE7BB432096}.Release|x64.Build.0 = Release|Any CPU
		{0BBA90B1-01FB-44F9-B079-DAE7BB432096}.Release|x86.ActiveCfg = Release|Any CPU
		{0BBA90B1-01FB-44F9-B079-DAE7BB432096}.Release|x86.Build.0 = Release|Any CPU
		{A8A175F2-1178-4C38-BB4B-71F9017A4B14}.Debug|Any CPU.ActiveCfg = Debug|Any CPU
		{A8A175F2-1178-4C38-BB4B-71F9017A4B14}.Debug|Any CPU.Build.0 = Debug|Any CPU
		{A8A175F2-1178-4C38-BB4B-71F9017A4B14}.Debug|x64.ActiveCfg = Debug|Any CPU
		{A8A175F2-1178-4C38-BB4B-71F9017A4B14}.Debug|x64.Build.0 = Debug|Any CPU
		{A8A175F2-1178-4C38-BB4B-71F9017A4B14}.Debug|x86.ActiveCfg = Debug|Any CPU
		{A8A175F2-1178-4C38-BB4B-71F9017A4B14}.Debug|x86.Build.0 = Debug|Any CPU
		{A8A175F2-1178-4C38-BB4B-71F9017A4B14}.Release|Any CPU.ActiveCfg = Release|Any CPU
		{A8A175F2-1178-4C38-BB4B-71F9017A4B14}.Release|Any CPU.Build.0 = Release|Any CPU
		{A8A175F2-1178-4C38-BB4B-71F9017A4B14}.Release|x64.ActiveCfg = Release|Any CPU
		{A8A175F2-1178-4C38-BB4B-71F9017A4B14}.Release|x64.Build.0 = Release|Any CPU
		{A8A175F2-1178-4C38-BB4B-71F9017A4B14}.Release|x86.ActiveCfg = Release|Any CPU
		{A8A175F2-1178-4C38-BB4B-71F9017A4B14}.Release|x86.Build.0 = Release|Any CPU
		{02519E82-DD9E-423C-A40E-6F629F1A857A}.Debug|Any CPU.ActiveCfg = Debug|Any CPU
		{02519E82-DD9E-423C-A40E-6F629F1A857A}.Debug|Any CPU.Build.0 = Debug|Any CPU
		{02519E82-DD9E-423C-A40E-6F629F1A857A}.Debug|x64.ActiveCfg = Debug|Any CPU
		{02519E82-DD9E-423C-A40E-6F629F1A857A}.Debug|x64.Build.0 = Debug|Any CPU
		{02519E82-DD9E-423C-A40E-6F629F1A857A}.Debug|x86.ActiveCfg = Debug|Any CPU
		{02519E82-DD9E-423C-A40E-6F629F1A857A}.Debug|x86.Build.0 = Debug|Any CPU
		{02519E82-DD9E-423C-A40E-6F629F1A857A}.Release|Any CPU.ActiveCfg = Release|Any CPU
		{02519E82-DD9E-423C-A40E-6F629F1A857A}.Release|Any CPU.Build.0 = Release|Any CPU
		{02519E82-DD9E-423C-A40E-6F629F1A857A}.Release|x64.ActiveCfg = Release|Any CPU
		{02519E82-DD9E-423C-A40E-6F629F1A857A}.Release|x64.Build.0 = Release|Any CPU
		{02519E82-DD9E-423C-A40E-6F629F1A857A}.Release|x86.ActiveCfg = Release|Any CPU
		{02519E82-DD9E-423C-A40E-6F629F1A857A}.Release|x86.Build.0 = Release|Any CPU
		{644E14D1-E7E2-438B-AA09-696D712C8B7D}.Debug|Any CPU.ActiveCfg = Debug|Any CPU
		{644E14D1-E7E2-438B-AA09-696D712C8B7D}.Debug|Any CPU.Build.0 = Debug|Any CPU
		{644E14D1-E7E2-438B-AA09-696D712C8B7D}.Debug|x64.ActiveCfg = Debug|Any CPU
		{644E14D1-E7E2-438B-AA09-696D712C8B7D}.Debug|x64.Build.0 = Debug|Any CPU
		{644E14D1-E7E2-438B-AA09-696D712C8B7D}.Debug|x86.ActiveCfg = Debug|Any CPU
		{644E14D1-E7E2-438B-AA09-696D712C8B7D}.Debug|x86.Build.0 = Debug|Any CPU
		{644E14D1-E7E2-438B-AA09-696D712C8B7D}.Release|Any CPU.ActiveCfg = Release|Any CPU
		{644E14D1-E7E2-438B-AA09-696D712C8B7D}.Release|Any CPU.Build.0 = Release|Any CPU
		{644E14D1-E7E2-438B-AA09-696D712C8B7D}.Release|x64.ActiveCfg = Release|Any CPU
		{644E14D1-E7E2-438B-AA09-696D712C8B7D}.Release|x64.Build.0 = Release|Any CPU
		{644E14D1-E7E2-438B-AA09-696D712C8B7D}.Release|x86.ActiveCfg = Release|Any CPU
		{644E14D1-E7E2-438B-AA09-696D712C8B7D}.Release|x86.Build.0 = Release|Any CPU
		{DB06A59E-FE5A-4907-B536-27D34F8E77CB}.Debug|Any CPU.ActiveCfg = Debug|Any CPU
		{DB06A59E-FE5A-4907-B536-27D34F8E77CB}.Debug|Any CPU.Build.0 = Debug|Any CPU
		{DB06A59E-FE5A-4907-B536-27D34F8E77CB}.Debug|x64.ActiveCfg = Debug|Any CPU
		{DB06A59E-FE5A-4907-B536-27D34F8E77CB}.Debug|x64.Build.0 = Debug|Any CPU
		{DB06A59E-FE5A-4907-B536-27D34F8E77CB}.Debug|x86.ActiveCfg = Debug|Any CPU
		{DB06A59E-FE5A-4907-B536-27D34F8E77CB}.Debug|x86.Build.0 = Debug|Any CPU
		{DB06A59E-FE5A-4907-B536-27D34F8E77CB}.Release|Any CPU.ActiveCfg = Release|Any CPU
		{DB06A59E-FE5A-4907-B536-27D34F8E77CB}.Release|Any CPU.Build.0 = Release|Any CPU
		{DB06A59E-FE5A-4907-B536-27D34F8E77CB}.Release|x64.ActiveCfg = Release|Any CPU
		{DB06A59E-FE5A-4907-B536-27D34F8E77CB}.Release|x64.Build.0 = Release|Any CPU
		{DB06A59E-FE5A-4907-B536-27D34F8E77CB}.Release|x86.ActiveCfg = Release|Any CPU
		{DB06A59E-FE5A-4907-B536-27D34F8E77CB}.Release|x86.Build.0 = Release|Any CPU
	EndGlobalSection
	GlobalSection(SolutionProperties) = preSolution
		HideSolutionNode = FALSE
	EndGlobalSection
	GlobalSection(NestedProjects) = preSolution
		{91537A30-98F9-0B72-6947-B89234B866CC} = {D82C56D6-B2CD-F611-9E31-04638F7EC30E}
		{DD9E3ED4-9930-4D77-A9BE-90E8733D068C} = {91537A30-98F9-0B72-6947-B89234B866CC}
		{15DDAB23-109C-1923-3182-DF27599D90AB} = {D82C56D6-B2CD-F611-9E31-04638F7EC30E}
		{0BBA90B1-01FB-44F9-B079-DAE7BB432096} = {15DDAB23-109C-1923-3182-DF27599D90AB}
		{144EC233-92EE-CC01-E403-ED03ECBD09E0} = {D82C56D6-B2CD-F611-9E31-04638F7EC30E}
		{A8A175F2-1178-4C38-BB4B-71F9017A4B14} = {144EC233-92EE-CC01-E403-ED03ECBD09E0}
		{02519E82-DD9E-423C-A40E-6F629F1A857A} = {15DDAB23-109C-1923-3182-DF27599D90AB}
		{823AF003-9106-4874-6A7E-168A19854B2B} = {D82C56D6-B2CD-F611-9E31-04638F7EC30E}
		{644E14D1-E7E2-438B-AA09-696D712C8B7D} = {823AF003-9106-4874-6A7E-168A19854B2B}
		{2E13E456-43F3-7BFC-5E47-CDD0DC18392F} = {D82C56D6-B2CD-F611-9E31-04638F7EC30E}
		{DB06A59E-FE5A-4907-B536-27D34F8E77CB} = {2E13E456-43F3-7BFC-5E47-CDD0DC18392F}
	EndGlobalSection
EndGlobal
